
Microsoft Visual Studio Solution File, Format Version 12.00
# Visual Studio Version 17
VisualStudioVersion = 17.7.34024.191
MinimumVisualStudioVersion = 10.0.40219.1
Project("{FAE04EC0-301F-11D3-BF4B-00C04F79EFBC}") = "com.msc.infraestructure.entities", "Entidades\com.msc.infraestructure.entities.csproj", "{EC6DB5F8-6F13-49C1-BB70-0E396E7394EF}"
EndProject
Project("{FAE04EC0-301F-11D3-BF4B-00C04F79EFBC}") = "com.msc.infraestructure.dal", "AccesoDatos\com.msc.infraestructure.dal.csproj", "{FE67BCC1-912C-426E-A1D1-4B3E1376951B}"
EndProject
Project("{FAE04EC0-301F-11D3-BF4B-00C04F79EFBC}") = "com.msc.infraestructure.utils", "Utilitarios\com.msc.infraestructure.utils.csproj", "{615A65A5-5F19-4B45-857C-F5EBFDB2BF5F}"
EndProject
Project("{FAE04EC0-301F-11D3-BF4B-00C04F79EFBC}") = "com.msc.infraestructure.biz", "LogicaNegocio\com.msc.infraestructure.biz.csproj", "{CF1D51C4-3134-43AA-B2AF-F15FED5A0C45}"
EndProject
Project("{FAE04EC0-301F-11D3-BF4B-00C04F79EFBC}") = "com.msc.services.implementations", "ServicioWCF\com.msc.services.implementations.csproj", "{8A327899-5C36-4432-B5E7-728FD6E68E11}"
EndProject
Project("{FAE04EC0-301F-11D3-BF4B-00C04F79EFBC}") = "com.msc.services.interfaces", "IServicioWCF\com.msc.services.interfaces.csproj", "{86E289F5-B087-4BF0-95F9-C5547E18A005}"
EndProject
Project("{FAE04EC0-301F-11D3-BF4B-00C04F79EFBC}") = "com.msc.services.hosting", "HostWCFService\com.msc.services.hosting.csproj", "{9576B790-9C03-4B6D-BB99-77EF4E49AB12}"
EndProject
Project("{FAE04EC0-301F-11D3-BF4B-00C04F79EFBC}") = "com.msc.frontend.mvc", "MVCWebApp\com.msc.frontend.mvc.csproj", "{5571AB0F-3E1A-4632-AFCE-3BE574C63F3E}"
EndProject
Project("{FAE04EC0-301F-11D3-BF4B-00C04F79EFBC}") = "com.msc.services.dto", "ServicioDTO\com.msc.services.dto.csproj", "{6C2ECD5B-8478-4D09-BE28-AB1D5F182E2B}"
EndProject
Project("{2150E333-8FDC-42A3-9474-1A3956D46DE8}") = "3. Servicio", "3. Servicio", "{4541E291-35FE-40E4-8B72-AD06BF684181}"
EndProject
Project("{2150E333-8FDC-42A3-9474-1A3956D46DE8}") = "Transversal", "Transversal", "{BED2EA0A-8205-4130-AD4D-3C0FEE7ED5ED}"
EndProject
Project("{2150E333-8FDC-42A3-9474-1A3956D46DE8}") = "2. LogicaNegocio", "2. LogicaNegocio", "{AB8262DC-C8ED-418D-B3C1-4F2C82F200BF}"
EndProject
Project("{2150E333-8FDC-42A3-9474-1A3956D46DE8}") = "1. AccesoDatos", "1. AccesoDatos", "{86FE81CA-DBAB-4721-8F7D-F8F8A97C82B1}"
EndProject
Project("{FAE04EC0-301F-11D3-BF4B-00C04F79EFBC}") = "com.msc.domain.entities", "com.msc.domain.entities\com.msc.domain.entities.csproj", "{E37303AB-587A-4C5A-93DA-6987B77B7DB7}"
EndProject
Project("{FAE04EC0-301F-11D3-BF4B-00C04F79EFBC}") = "com.msc.sqlserver.entities", "com.msc.sqlserver.entities\com.msc.sqlserver.entities.csproj", "{F9B3A0D5-5F5C-4807-B249-C58EC3018A81}"
EndProject
Project("{FAE04EC0-301F-11D3-BF4B-00C04F79EFBC}") = "com.msc.sqlserver", "com.msc.sqlserver\com.msc.sqlserver.csproj", "{D653574E-6B2A-4C39-B50E-12D5DFF1B0C2}"
EndProject
Project("{FAE04EC0-301F-11D3-BF4B-00C04F79EFBC}") = "com.msc.usecase", "com.msc.usecase\com.msc.usecase.csproj", "{44C7230A-55AC-430A-8AC3-DA3A92649A2C}"
EndProject
Project("{FAE04EC0-301F-11D3-BF4B-00C04F79EFBC}") = "com.msc.wcf.entities", "com.msc.wcf.entities\com.msc.wcf.entities.csproj", "{2C2920DF-D2DB-403C-9FF3-8264EFE2A788}"
EndProject
Project("{FAE04EC0-301F-11D3-BF4B-00C04F79EFBC}") = "com.msc.mapper", "com.msc.mapper\com.msc.mapper.csproj", "{9687C350-F8FA-452B-A954-218420D835BB}"
EndProject
Project("{2150E333-8FDC-42A3-9474-1A3956D46DE8}") = "HEXAGONAL", "HEXAGONAL", "{0ABB7A20-58B5-4653-A8BF-B466E8D87A01}"
EndProject
Project("{2150E333-8FDC-42A3-9474-1A3956D46DE8}") = "NCAPAS", "NCAPAS", "{B63D937B-413F-4DF3-8A4C-27C9D9CF1092}"
EndProject
Project("{2150E333-8FDC-42A3-9474-1A3956D46DE8}") = "1. DOMAIN", "1. DOMAIN", "{C7C074B7-CFFC-461B-B234-8532E6218865}"
EndProject
Project("{2150E333-8FDC-42A3-9474-1A3956D46DE8}") = "2. USECASE", "2. USECASE", "{0C1BBA47-611C-4A11-8999-54C6598B964C}"
EndProject
Project("{2150E333-8FDC-42A3-9474-1A3956D46DE8}") = "3. ADAPTERS", "3. ADAPTERS", "{DC1AEF04-DF15-4604-B4F6-6E4FFAD25EC5}"
EndProject
Project("{FAE04EC0-301F-11D3-BF4B-00C04F79EFBC}") = "com.msc.unit.test", "com.msc.unit.test\com.msc.unit.test.csproj", "{601C8F36-E35E-41BA-97ED-FE739AE6D502}"
EndProject
Global
	GlobalSection(SolutionConfigurationPlatforms) = preSolution
		Debug|Any CPU = Debug|Any CPU
		Release|Any CPU = Release|Any CPU
	EndGlobalSection
	GlobalSection(ProjectConfigurationPlatforms) = postSolution
		{EC6DB5F8-6F13-49C1-BB70-0E396E7394EF}.Debug|Any CPU.ActiveCfg = Debug|Any CPU
		{EC6DB5F8-6F13-49C1-BB70-0E396E7394EF}.Debug|Any CPU.Build.0 = Debug|Any CPU
		{EC6DB5F8-6F13-49C1-BB70-0E396E7394EF}.Release|Any CPU.ActiveCfg = Release|Any CPU
		{EC6DB5F8-6F13-49C1-BB70-0E396E7394EF}.Release|Any CPU.Build.0 = Release|Any CPU
		{FE67BCC1-912C-426E-A1D1-4B3E1376951B}.Debug|Any CPU.ActiveCfg = Debug|Any CPU
		{FE67BCC1-912C-426E-A1D1-4B3E1376951B}.Debug|Any CPU.Build.0 = Debug|Any CPU
		{FE67BCC1-912C-426E-A1D1-4B3E1376951B}.Release|Any CPU.ActiveCfg = Release|Any CPU
		{FE67BCC1-912C-426E-A1D1-4B3E1376951B}.Release|Any CPU.Build.0 = Release|Any CPU
		{615A65A5-5F19-4B45-857C-F5EBFDB2BF5F}.Debug|Any CPU.ActiveCfg = Debug|Any CPU
		{615A65A5-5F19-4B45-857C-F5EBFDB2BF5F}.Debug|Any CPU.Build.0 = Debug|Any CPU
		{615A65A5-5F19-4B45-857C-F5EBFDB2BF5F}.Release|Any CPU.ActiveCfg = Release|Any CPU
		{615A65A5-5F19-4B45-857C-F5EBFDB2BF5F}.Release|Any CPU.Build.0 = Release|Any CPU
		{CF1D51C4-3134-43AA-B2AF-F15FED5A0C45}.Debug|Any CPU.ActiveCfg = Debug|Any CPU
		{CF1D51C4-3134-43AA-B2AF-F15FED5A0C45}.Debug|Any CPU.Build.0 = Debug|Any CPU
		{CF1D51C4-3134-43AA-B2AF-F15FED5A0C45}.Release|Any CPU.ActiveCfg = Release|Any CPU
		{CF1D51C4-3134-43AA-B2AF-F15FED5A0C45}.Release|Any CPU.Build.0 = Release|Any CPU
		{8A327899-5C36-4432-B5E7-728FD6E68E11}.Debug|Any CPU.ActiveCfg = Debug|Any CPU
		{8A327899-5C36-4432-B5E7-728FD6E68E11}.Debug|Any CPU.Build.0 = Debug|Any CPU
		{8A327899-5C36-4432-B5E7-728FD6E68E11}.Release|Any CPU.ActiveCfg = Release|Any CPU
		{8A327899-5C36-4432-B5E7-728FD6E68E11}.Release|Any CPU.Build.0 = Release|Any CPU
		{86E289F5-B087-4BF0-95F9-C5547E18A005}.Debug|Any CPU.ActiveCfg = Debug|Any CPU
		{86E289F5-B087-4BF0-95F9-C5547E18A005}.Debug|Any CPU.Build.0 = Debug|Any CPU
		{86E289F5-B087-4BF0-95F9-C5547E18A005}.Release|Any CPU.ActiveCfg = Release|Any CPU
		{86E289F5-B087-4BF0-95F9-C5547E18A005}.Release|Any CPU.Build.0 = Release|Any CPU
		{9576B790-9C03-4B6D-BB99-77EF4E49AB12}.Debug|Any CPU.ActiveCfg = Debug|Any CPU
		{9576B790-9C03-4B6D-BB99-77EF4E49AB12}.Debug|Any CPU.Build.0 = Debug|Any CPU
		{9576B790-9C03-4B6D-BB99-77EF4E49AB12}.Release|Any CPU.ActiveCfg = Release|Any CPU
		{9576B790-9C03-4B6D-BB99-77EF4E49AB12}.Release|Any CPU.Build.0 = Release|Any CPU
		{5571AB0F-3E1A-4632-AFCE-3BE574C63F3E}.Debug|Any CPU.ActiveCfg = Debug|Any CPU
		{5571AB0F-3E1A-4632-AFCE-3BE574C63F3E}.Debug|Any CPU.Build.0 = Debug|Any CPU
		{5571AB0F-3E1A-4632-AFCE-3BE574C63F3E}.Release|Any CPU.ActiveCfg = Release|Any CPU
		{5571AB0F-3E1A-4632-AFCE-3BE574C63F3E}.Release|Any CPU.Build.0 = Release|Any CPU
		{6C2ECD5B-8478-4D09-BE28-AB1D5F182E2B}.Debug|Any CPU.ActiveCfg = Debug|Any CPU
		{6C2ECD5B-8478-4D09-BE28-AB1D5F182E2B}.Debug|Any CPU.Build.0 = Debug|Any CPU
		{6C2ECD5B-8478-4D09-BE28-AB1D5F182E2B}.Release|Any CPU.ActiveCfg = Release|Any CPU
		{6C2ECD5B-8478-4D09-BE28-AB1D5F182E2B}.Release|Any CPU.Build.0 = Release|Any CPU
		{E37303AB-587A-4C5A-93DA-6987B77B7DB7}.Debug|Any CPU.ActiveCfg = Debug|Any CPU
		{E37303AB-587A-4C5A-93DA-6987B77B7DB7}.Debug|Any CPU.Build.0 = Debug|Any CPU
		{E37303AB-587A-4C5A-93DA-6987B77B7DB7}.Release|Any CPU.ActiveCfg = Release|Any CPU
		{E37303AB-587A-4C5A-93DA-6987B77B7DB7}.Release|Any CPU.Build.0 = Release|Any CPU
		{F9B3A0D5-5F5C-4807-B249-C58EC3018A81}.Debug|Any CPU.ActiveCfg = Debug|Any CPU
		{F9B3A0D5-5F5C-4807-B249-C58EC3018A81}.Debug|Any CPU.Build.0 = Debug|Any CPU
		{F9B3A0D5-5F5C-4807-B249-C58EC3018A81}.Release|Any CPU.ActiveCfg = Release|Any CPU
		{F9B3A0D5-5F5C-4807-B249-C58EC3018A81}.Release|Any CPU.Build.0 = Release|Any CPU
		{D653574E-6B2A-4C39-B50E-12D5DFF1B0C2}.Debug|Any CPU.ActiveCfg = Debug|Any CPU
		{D653574E-6B2A-4C39-B50E-12D5DFF1B0C2}.Debug|Any CPU.Build.0 = Debug|Any CPU
		{D653574E-6B2A-4C39-B50E-12D5DFF1B0C2}.Release|Any CPU.ActiveCfg = Release|Any CPU
		{D653574E-6B2A-4C39-B50E-12D5DFF1B0C2}.Release|Any CPU.Build.0 = Release|Any CPU
		{44C7230A-55AC-430A-8AC3-DA3A92649A2C}.Debug|Any CPU.ActiveCfg = Debug|Any CPU
		{44C7230A-55AC-430A-8AC3-DA3A92649A2C}.Debug|Any CPU.Build.0 = Debug|Any CPU
		{44C7230A-55AC-430A-8AC3-DA3A92649A2C}.Release|Any CPU.ActiveCfg = Release|Any CPU
		{44C7230A-55AC-430A-8AC3-DA3A92649A2C}.Release|Any CPU.Build.0 = Release|Any CPU
		{2C2920DF-D2DB-403C-9FF3-8264EFE2A788}.Debug|Any CPU.ActiveCfg = Debug|Any CPU
		{2C2920DF-D2DB-403C-9FF3-8264EFE2A788}.Debug|Any CPU.Build.0 = Debug|Any CPU
		{2C2920DF-D2DB-403C-9FF3-8264EFE2A788}.Release|Any CPU.ActiveCfg = Release|Any CPU
		{2C2920DF-D2DB-403C-9FF3-8264EFE2A788}.Release|Any CPU.Build.0 = Release|Any CPU
		{9687C350-F8FA-452B-A954-218420D835BB}.Debug|Any CPU.ActiveCfg = Debug|Any CPU
		{9687C350-F8FA-452B-A954-218420D835BB}.Debug|Any CPU.Build.0 = Debug|Any CPU
		{9687C350-F8FA-452B-A954-218420D835BB}.Release|Any CPU.ActiveCfg = Release|Any CPU
		{9687C350-F8FA-452B-A954-218420D835BB}.Release|Any CPU.Build.0 = Release|Any CPU
		{601C8F36-E35E-41BA-97ED-FE739AE6D502}.Debug|Any CPU.ActiveCfg = Debug|Any CPU
		{601C8F36-E35E-41BA-97ED-FE739AE6D502}.Debug|Any CPU.Build.0 = Debug|Any CPU
		{601C8F36-E35E-41BA-97ED-FE739AE6D502}.Release|Any CPU.ActiveCfg = Release|Any CPU
		{601C8F36-E35E-41BA-97ED-FE739AE6D502}.Release|Any CPU.Build.0 = Release|Any CPU
	EndGlobalSection
	GlobalSection(SolutionProperties) = preSolution
		HideSolutionNode = FALSE
	EndGlobalSection
	GlobalSection(NestedProjects) = preSolution
		{EC6DB5F8-6F13-49C1-BB70-0E396E7394EF} = {86FE81CA-DBAB-4721-8F7D-F8F8A97C82B1}
		{FE67BCC1-912C-426E-A1D1-4B3E1376951B} = {86FE81CA-DBAB-4721-8F7D-F8F8A97C82B1}
		{615A65A5-5F19-4B45-857C-F5EBFDB2BF5F} = {BED2EA0A-8205-4130-AD4D-3C0FEE7ED5ED}
		{CF1D51C4-3134-43AA-B2AF-F15FED5A0C45} = {AB8262DC-C8ED-418D-B3C1-4F2C82F200BF}
		{8A327899-5C36-4432-B5E7-728FD6E68E11} = {4541E291-35FE-40E4-8B72-AD06BF684181}
		{6C2ECD5B-8478-4D09-BE28-AB1D5F182E2B} = {4541E291-35FE-40E4-8B72-AD06BF684181}
		{4541E291-35FE-40E4-8B72-AD06BF684181} = {B63D937B-413F-4DF3-8A4C-27C9D9CF1092}
		{BED2EA0A-8205-4130-AD4D-3C0FEE7ED5ED} = {B63D937B-413F-4DF3-8A4C-27C9D9CF1092}
		{AB8262DC-C8ED-418D-B3C1-4F2C82F200BF} = {B63D937B-413F-4DF3-8A4C-27C9D9CF1092}
		{86FE81CA-DBAB-4721-8F7D-F8F8A97C82B1} = {B63D937B-413F-4DF3-8A4C-27C9D9CF1092}
		{E37303AB-587A-4C5A-93DA-6987B77B7DB7} = {C7C074B7-CFFC-461B-B234-8532E6218865}
		{F9B3A0D5-5F5C-4807-B249-C58EC3018A81} = {C7C074B7-CFFC-461B-B234-8532E6218865}
		{D653574E-6B2A-4C39-B50E-12D5DFF1B0C2} = {DC1AEF04-DF15-4604-B4F6-6E4FFAD25EC5}
		{44C7230A-55AC-430A-8AC3-DA3A92649A2C} = {0C1BBA47-611C-4A11-8999-54C6598B964C}
		{2C2920DF-D2DB-403C-9FF3-8264EFE2A788} = {C7C074B7-CFFC-461B-B234-8532E6218865}
		{9687C350-F8FA-452B-A954-218420D835BB} = {C7C074B7-CFFC-461B-B234-8532E6218865}
		{C7C074B7-CFFC-461B-B234-8532E6218865} = {0ABB7A20-58B5-4653-A8BF-B466E8D87A01}
		{0C1BBA47-611C-4A11-8999-54C6598B964C} = {0ABB7A20-58B5-4653-A8BF-B466E8D87A01}
		{DC1AEF04-DF15-4604-B4F6-6E4FFAD25EC5} = {0ABB7A20-58B5-4653-A8BF-B466E8D87A01}
	EndGlobalSection
	GlobalSection(ExtensibilityGlobals) = postSolution
		SolutionGuid = {78A6CF3B-73F6-4EF0-B98D-E4DC0B08EE7B}
	EndGlobalSection
EndGlobal
